
Microsoft Visual Studio Solution File, Format Version 12.00
# Visual Studio Version 17
VisualStudioVersion = 17.5.33424.131
MinimumVisualStudioVersion = 10.0.40219.1
Project("{FAE04EC0-301F-11D3-BF4B-00C04F79EFBC}") = "AssetWarehouseManagement.UI", "AssetWarehouseManagement\AssetWarehouseManagement.UI.csproj", "{FD5DF57F-8D73-4AC8-ABB1-404EF6A3EAD6}"
EndProject
Project("{FAE04EC0-301F-11D3-BF4B-00C04F79EFBC}") = "AssetWarehouseManagement.DAL", "AssetWarehouseManagement.DAL\AssetWarehouseManagement.DAL.csproj", "{BC31984F-3F4C-42AC-84DC-23A864B13A76}"
EndProject
Project("{FAE04EC0-301F-11D3-BF4B-00C04F79EFBC}") = "AssetWarehouseManagement.DTO", "AssetWarehouseManagement.DTO\AssetWarehouseManagement.DTO.csproj", "{2719F24E-2015-4863-9406-6CB43179D92F}"
EndProject
Project("{FAE04EC0-301F-11D3-BF4B-00C04F79EFBC}") = "AssetWarehouseManagement.Provider", "AssetWarehouseManagement.Provider\AssetWarehouseManagement.Provider.csproj", "{9CA1416F-190B-40F5-BC6B-E1E1CF485AAD}"
EndProject
Global
	GlobalSection(SolutionConfigurationPlatforms) = preSolution
		Debug|Any CPU = Debug|Any CPU
		Release|Any CPU = Release|Any CPU
	EndGlobalSection
	GlobalSection(ProjectConfigurationPlatforms) = postSolution
		{FD5DF57F-8D73-4AC8-ABB1-404EF6A3EAD6}.Debug|Any CPU.ActiveCfg = Debug|Any CPU
		{FD5DF57F-8D73-4AC8-ABB1-404EF6A3EAD6}.Debug|Any CPU.Build.0 = Debug|Any CPU
		{FD5DF57F-8D73-4AC8-ABB1-404EF6A3EAD6}.Release|Any CPU.ActiveCfg = Release|Any CPU
		{FD5DF57F-8D73-4AC8-ABB1-404EF6A3EAD6}.Release|Any CPU.Build.0 = Release|Any CPU
		{BC31984F-3F4C-42AC-84DC-23A864B13A76}.Debug|Any CPU.ActiveCfg = Debug|Any CPU
		{BC31984F-3F4C-42AC-84DC-23A864B13A76}.Debug|Any CPU.Build.0 = Debug|Any CPU
		{BC31984F-3F4C-42AC-84DC-23A864B13A76}.Release|Any CPU.ActiveCfg = Release|Any CPU
		{BC31984F-3F4C-42AC-84DC-23A864B13A76}.Release|Any CPU.Build.0 = Release|Any CPU
		{2719F24E-2015-4863-9406-6CB43179D92F}.Debug|Any CPU.ActiveCfg = Debug|Any CPU
		{2719F24E-2015-4863-9406-6CB43179D92F}.Debug|Any CPU.Build.0 = Debug|Any CPU
		{2719F24E-2015-4863-9406-6CB43179D92F}.Release|Any CPU.ActiveCfg = Release|Any CPU
		{2719F24E-2015-4863-9406-6CB43179D92F}.Release|Any CPU.Build.0 = Release|Any CPU
		{9CA1416F-190B-40F5-BC6B-E1E1CF485AAD}.Debug|Any CPU.ActiveCfg = Debug|Any CPU
		{9CA1416F-190B-40F5-BC6B-E1E1CF485AAD}.Debug|Any CPU.Build.0 = Debug|Any CPU
		{9CA1416F-190B-40F5-BC6B-E1E1CF485AAD}.Release|Any CPU.ActiveCfg = Release|Any CPU
		{9CA1416F-190B-40F5-BC6B-E1E1CF485AAD}.Release|Any CPU.Build.0 = Release|Any CPU
	EndGlobalSection
	GlobalSection(SolutionProperties) = preSolution
		HideSolutionNode = FALSE
	EndGlobalSection
	GlobalSection(ExtensibilityGlobals) = postSolution
		SolutionGuid = {D2E42D3D-8845-4E00-BCB8-42E04B45AFC0}
	EndGlobalSection
EndGlobal
